
Microsoft Visual Studio Solution File, Format Version 12.00
# Visual Studio 14
VisualStudioVersion = 14.0.25420.1
MinimumVisualStudioVersion = 10.0.40219.1
Project("{8BC9CEB8-8B4A-11D0-8D11-00A0C91BC942}") = "Q06_01_PalindromeDetect", "Q06_01_PalindromeDetect\Q06_01_PalindromeDetect.vcxproj", "{926C9F52-2666-4F8F-821C-FD83288062F2}"
EndProject
Project("{8BC9CEB8-8B4A-11D0-8D11-00A0C91BC942}") = "Q06_02_PalindromeDetectUseLinkList", "Q06_02_PalindromeDetectUseLinkList\Q06_02_PalindromeDetectUseLinkList.vcxproj", "{41A8269D-0999-4E5C-A820-E125A0212AAE}"
EndProject
Project("{8BC9CEB8-8B4A-11D0-8D11-00A0C91BC942}") = "Q08_01_ExpressionEvaluation", "Q08_01_ExpressionEvaluation\Q08_01_ExpressionEvaluation.vcxproj", "{F189FDE1-43D5-4E28-B78F-C68C08E56E92}"
EndProject
Project("{8BC9CEB8-8B4A-11D0-8D11-00A0C91BC942}") = "Q08_02_BracketsMatch", "Q08_02_BracketsMatch\Q08_02_BracketsMatch.vcxproj", "{6FEDC968-7745-4EF3-A2D5-57541902B2F9}"
EndProject
Project("{8BC9CEB8-8B4A-11D0-8D11-00A0C91BC942}") = "Q09_01_ArrayQueue", "Q09_01_ArrayQueue\Q09_01_ArrayQueue.vcxproj", "{C04F9601-644D-4CCF-981B-B49E1918473A}"
EndProject
Project("{8BC9CEB8-8B4A-11D0-8D11-00A0C91BC942}") = "Q09_02_ListQueue", "Q09_02_ListQueue\Q09_02_ListQueue.vcxproj", "{16BF688B-5B34-4F7F-87AD-6E484944DF61}"
EndProject
Project("{8BC9CEB8-8B4A-11D0-8D11-00A0C91BC942}") = "Q08_03_ArrayStack", "Q08_03_ArrayStack\Q08_03_ArrayStack.vcxproj", "{C4FCDDC6-2030-4876-89C2-5751B6C483A6}"
EndProject
Project("{8BC9CEB8-8B4A-11D0-8D11-00A0C91BC942}") = "Q08_04_LinkStack", "Q08_04_LinkStack\Q08_04_LinkStack.vcxproj", "{B0B07A6C-4D45-423A-92A4-6903A2A83B69}"
EndProject
Project("{8BC9CEB8-8B4A-11D0-8D11-00A0C91BC942}") = "Q08_05_SimulatedBrowser", "Q08_05_SimulatedBrowser\Q08_05_SimulatedBrowser.vcxproj", "{F242BF6E-21EA-4BAC-8CDB-0C21F0B72EB5}"
EndProject
Global
	GlobalSection(SolutionConfigurationPlatforms) = preSolution
		Debug|x64 = Debug|x64
		Debug|x86 = Debug|x86
		Release|x64 = Release|x64
		Release|x86 = Release|x86
	EndGlobalSection
	GlobalSection(ProjectConfigurationPlatforms) = postSolution
		{926C9F52-2666-4F8F-821C-FD83288062F2}.Debug|x64.ActiveCfg = Debug|x64
		{926C9F52-2666-4F8F-821C-FD83288062F2}.Debug|x64.Build.0 = Debug|x64
		{926C9F52-2666-4F8F-821C-FD83288062F2}.Debug|x86.ActiveCfg = Debug|Win32
		{926C9F52-2666-4F8F-821C-FD83288062F2}.Debug|x86.Build.0 = Debug|Win32
		{926C9F52-2666-4F8F-821C-FD83288062F2}.Release|x64.ActiveCfg = Release|x64
		{926C9F52-2666-4F8F-821C-FD83288062F2}.Release|x64.Build.0 = Release|x64
		{926C9F52-2666-4F8F-821C-FD83288062F2}.Release|x86.ActiveCfg = Release|Win32
		{926C9F52-2666-4F8F-821C-FD83288062F2}.Release|x86.Build.0 = Release|Win32
		{41A8269D-0999-4E5C-A820-E125A0212AAE}.Debug|x64.ActiveCfg = Debug|x64
		{41A8269D-0999-4E5C-A820-E125A0212AAE}.Debug|x64.Build.0 = Debug|x64
		{41A8269D-0999-4E5C-A820-E125A0212AAE}.Debug|x86.ActiveCfg = Debug|Win32
		{41A8269D-0999-4E5C-A820-E125A0212AAE}.Debug|x86.Build.0 = Debug|Win32
		{41A8269D-0999-4E5C-A820-E125A0212AAE}.Release|x64.ActiveCfg = Release|x64
		{41A8269D-0999-4E5C-A820-E125A0212AAE}.Release|x64.Build.0 = Release|x64
		{41A8269D-0999-4E5C-A820-E125A0212AAE}.Release|x86.ActiveCfg = Release|Win32
		{41A8269D-0999-4E5C-A820-E125A0212AAE}.Release|x86.Build.0 = Release|Win32
		{F189FDE1-43D5-4E28-B78F-C68C08E56E92}.Debug|x64.ActiveCfg = Debug|x64
		{F189FDE1-43D5-4E28-B78F-C68C08E56E92}.Debug|x64.Build.0 = Debug|x64
		{F189FDE1-43D5-4E28-B78F-C68C08E56E92}.Debug|x86.ActiveCfg = Debug|Win32
		{F189FDE1-43D5-4E28-B78F-C68C08E56E92}.Debug|x86.Build.0 = Debug|Win32
		{F189FDE1-43D5-4E28-B78F-C68C08E56E92}.Release|x64.ActiveCfg = Release|x64
		{F189FDE1-43D5-4E28-B78F-C68C08E56E92}.Release|x64.Build.0 = Release|x64
		{F189FDE1-43D5-4E28-B78F-C68C08E56E92}.Release|x86.ActiveCfg = Release|Win32
		{F189FDE1-43D5-4E28-B78F-C68C08E56E92}.Release|x86.Build.0 = Release|Win32
		{6FEDC968-7745-4EF3-A2D5-57541902B2F9}.Debug|x64.ActiveCfg = Debug|x64
		{6FEDC968-7745-4EF3-A2D5-57541902B2F9}.Debug|x64.Build.0 = Debug|x64
		{6FEDC968-7745-4EF3-A2D5-57541902B2F9}.Debug|x86.ActiveCfg = Debug|Win32
		{6FEDC968-7745-4EF3-A2D5-57541902B2F9}.Debug|x86.Build.0 = Debug|Win32
		{6FEDC968-7745-4EF3-A2D5-57541902B2F9}.Release|x64.ActiveCfg = Release|x64
		{6FEDC968-7745-4EF3-A2D5-57541902B2F9}.Release|x64.Build.0 = Release|x64
		{6FEDC968-7745-4EF3-A2D5-57541902B2F9}.Release|x86.ActiveCfg = Release|Win32
		{6FEDC968-7745-4EF3-A2D5-57541902B2F9}.Release|x86.Build.0 = Release|Win32
		{C04F9601-644D-4CCF-981B-B49E1918473A}.Debug|x64.ActiveCfg = Debug|x64
		{C04F9601-644D-4CCF-981B-B49E1918473A}.Debug|x64.Build.0 = Debug|x64
		{C04F9601-644D-4CCF-981B-B49E1918473A}.Debug|x86.ActiveCfg = Debug|Win32
		{C04F9601-644D-4CCF-981B-B49E1918473A}.Debug|x86.Build.0 = Debug|Win32
		{C04F9601-644D-4CCF-981B-B49E1918473A}.Release|x64.ActiveCfg = Release|x64
		{C04F9601-644D-4CCF-981B-B49E1918473A}.Release|x64.Build.0 = Release|x64
		{C04F9601-644D-4CCF-981B-B49E1918473A}.Release|x86.ActiveCfg = Release|Win32
		{C04F9601-644D-4CCF-981B-B49E1918473A}.Release|x86.Build.0 = Release|Win32
		{16BF688B-5B34-4F7F-87AD-6E484944DF61}.Debug|x64.ActiveCfg = Debug|x64
		{16BF688B-5B34-4F7F-87AD-6E484944DF61}.Debug|x64.Build.0 = Debug|x64
		{16BF688B-5B34-4F7F-87AD-6E484944DF61}.Debug|x86.ActiveCfg = Debug|Win32
		{16BF688B-5B34-4F7F-87AD-6E484944DF61}.Debug|x86.Build.0 = Debug|Win32
		{16BF688B-5B34-4F7F-87AD-6E484944DF61}.Release|x64.ActiveCfg = Release|x64
		{16BF688B-5B34-4F7F-87AD-6E484944DF61}.Release|x64.Build.0 = Release|x64
		{16BF688B-5B34-4F7F-87AD-6E484944DF61}.Release|x86.ActiveCfg = Release|Win32
		{16BF688B-5B34-4F7F-87AD-6E484944DF61}.Release|x86.Build.0 = Release|Win32
		{C4FCDDC6-2030-4876-89C2-5751B6C483A6}.Debug|x64.ActiveCfg = Debug|x64
		{C4FCDDC6-2030-4876-89C2-5751B6C483A6}.Debug|x64.Build.0 = Debug|x64
		{C4FCDDC6-2030-4876-89C2-5751B6C483A6}.Debug|x86.ActiveCfg = Debug|Win32
		{C4FCDDC6-2030-4876-89C2-5751B6C483A6}.Debug|x86.Build.0 = Debug|Win32
		{C4FCDDC6-2030-4876-89C2-5751B6C483A6}.Release|x64.ActiveCfg = Release|x64
		{C4FCDDC6-2030-4876-89C2-5751B6C483A6}.Release|x64.Build.0 = Release|x64
		{C4FCDDC6-2030-4876-89C2-5751B6C483A6}.Release|x86.ActiveCfg = Release|Win32
		{C4FCDDC6-2030-4876-89C2-5751B6C483A6}.Release|x86.Build.0 = Release|Win32
		{B0B07A6C-4D45-423A-92A4-6903A2A83B69}.Debug|x64.ActiveCfg = Debug|x64
		{B0B07A6C-4D45-423A-92A4-6903A2A83B69}.Debug|x64.Build.0 = Debug|x64
		{B0B07A6C-4D45-423A-92A4-6903A2A83B69}.Debug|x86.ActiveCfg = Debug|Win32
		{B0B07A6C-4D45-423A-92A4-6903A2A83B69}.Debug|x86.Build.0 = Debug|Win32
		{B0B07A6C-4D45-423A-92A4-6903A2A83B69}.Release|x64.ActiveCfg = Release|x64
		{B0B07A6C-4D45-423A-92A4-6903A2A83B69}.Release|x64.Build.0 = Release|x64
		{B0B07A6C-4D45-423A-92A4-6903A2A83B69}.Release|x86.ActiveCfg = Release|Win32
		{B0B07A6C-4D45-423A-92A4-6903A2A83B69}.Release|x86.Build.0 = Release|Win32
		{F242BF6E-21EA-4BAC-8CDB-0C21F0B72EB5}.Debug|x64.ActiveCfg = Debug|x64
		{F242BF6E-21EA-4BAC-8CDB-0C21F0B72EB5}.Debug|x64.Build.0 = Debug|x64
		{F242BF6E-21EA-4BAC-8CDB-0C21F0B72EB5}.Debug|x86.ActiveCfg = Debug|Win32
		{F242BF6E-21EA-4BAC-8CDB-0C21F0B72EB5}.Debug|x86.Build.0 = Debug|Win32
		{F242BF6E-21EA-4BAC-8CDB-0C21F0B72EB5}.Release|x64.ActiveCfg = Release|x64
		{F242BF6E-21EA-4BAC-8CDB-0C21F0B72EB5}.Release|x64.Build.0 = Release|x64
		{F242BF6E-21EA-4BAC-8CDB-0C21F0B72EB5}.Release|x86.ActiveCfg = Release|Win32
		{F242BF6E-21EA-4BAC-8CDB-0C21F0B72EB5}.Release|x86.Build.0 = Release|Win32
	EndGlobalSection
	GlobalSection(SolutionProperties) = preSolution
		HideSolutionNode = FALSE
	EndGlobalSection
EndGlobal
