
Microsoft Visual Studio Solution File, Format Version 12.00
# Visual Studio 14
VisualStudioVersion = 14.0.25420.1
MinimumVisualStudioVersion = 10.0.40219.1
Project("{8BC9CEB8-8B4A-11D0-8D11-00A0C91BC942}") = "Q06_01_PalindromeDetect", "Q06_01_PalindromeDetect\Q06_01_PalindromeDetect.vcxproj", "{926C9F52-2666-4F8F-821C-FD83288062F2}"
EndProject
Project("{8BC9CEB8-8B4A-11D0-8D11-00A0C91BC942}") = "Q06_02_PalindromeDetectUseLinkList", "Q06_02_PalindromeDetectUseLinkList\Q06_02_PalindromeDetectUseLinkList.vcxproj", "{41A8269D-0999-4E5C-A820-E125A0212AAE}"
EndProject
Global
	GlobalSection(SolutionConfigurationPlatforms) = preSolution
		Debug|x64 = Debug|x64
		Debug|x86 = Debug|x86
		Release|x64 = Release|x64
		Release|x86 = Release|x86
	EndGlobalSection
	GlobalSection(ProjectConfigurationPlatforms) = postSolution
		{926C9F52-2666-4F8F-821C-FD83288062F2}.Debug|x64.ActiveCfg = Debug|x64
		{926C9F52-2666-4F8F-821C-FD83288062F2}.Debug|x64.Build.0 = Debug|x64
		{926C9F52-2666-4F8F-821C-FD83288062F2}.Debug|x86.ActiveCfg = Debug|Win32
		{926C9F52-2666-4F8F-821C-FD83288062F2}.Debug|x86.Build.0 = Debug|Win32
		{926C9F52-2666-4F8F-821C-FD83288062F2}.Release|x64.ActiveCfg = Release|x64
		{926C9F52-2666-4F8F-821C-FD83288062F2}.Release|x64.Build.0 = Release|x64
		{926C9F52-2666-4F8F-821C-FD83288062F2}.Release|x86.ActiveCfg = Release|Win32
		{926C9F52-2666-4F8F-821C-FD83288062F2}.Release|x86.Build.0 = Release|Win32
		{41A8269D-0999-4E5C-A820-E125A0212AAE}.Debug|x64.ActiveCfg = Debug|x64
		{41A8269D-0999-4E5C-A820-E125A0212AAE}.Debug|x64.Build.0 = Debug|x64
		{41A8269D-0999-4E5C-A820-E125A0212AAE}.Debug|x86.ActiveCfg = Debug|Win32
		{41A8269D-0999-4E5C-A820-E125A0212AAE}.Debug|x86.Build.0 = Debug|Win32
		{41A8269D-0999-4E5C-A820-E125A0212AAE}.Release|x64.ActiveCfg = Release|x64
		{41A8269D-0999-4E5C-A820-E125A0212AAE}.Release|x64.Build.0 = Release|x64
		{41A8269D-0999-4E5C-A820-E125A0212AAE}.Release|x86.ActiveCfg = Release|Win32
		{41A8269D-0999-4E5C-A820-E125A0212AAE}.Release|x86.Build.0 = Release|Win32
	EndGlobalSection
	GlobalSection(SolutionProperties) = preSolution
		HideSolutionNode = FALSE
	EndGlobalSection
EndGlobal
